
Microsoft Visual Studio Solution File, Format Version 12.00
# Visual Studio Version 16
VisualStudioVersion = 16.0.30907.101
MinimumVisualStudioVersion = 10.0.40219.1
Project("{FAE04EC0-301F-11D3-BF4B-00C04F79EFBC}") = "ClockWPF", "ClockWPF\ClockWPF.csproj", "{2795419A-E91B-4DC1-9065-3DF4DF9B2189}"
EndProject
Global
	GlobalSection(SolutionConfigurationPlatforms) = preSolution
		Debug|Any CPU = Debug|Any CPU
		Release|Any CPU = Release|Any CPU
	EndGlobalSection
	GlobalSection(ProjectConfigurationPlatforms) = postSolution
		{2795419A-E91B-4DC1-9065-3DF4DF9B2189}.Debug|Any CPU.ActiveCfg = Debug|Any CPU
		{2795419A-E91B-4DC1-9065-3DF4DF9B2189}.Debug|Any CPU.Build.0 = Debug|Any CPU
		{2795419A-E91B-4DC1-9065-3DF4DF9B2189}.Release|Any CPU.ActiveCfg = Release|Any CPU
		{2795419A-E91B-4DC1-9065-3DF4DF9B2189}.Release|Any CPU.Build.0 = Release|Any CPU
	EndGlobalSection
	GlobalSection(SolutionProperties) = preSolution
		HideSolutionNode = FALSE
	EndGlobalSection
	GlobalSection(ExtensibilityGlobals) = postSolution
		SolutionGuid = {0CEFE8D5-1292-421A-884E-6534FB4276C8}
	EndGlobalSection
EndGlobal
